// !$*UTF8*$!
{
	archiveVersion = 1;
	classes = {
	};
	objectVersion = 51;
	objects = {

/* Begin PBXBuildFile section */
		7304220A2635D2AB006FFD36 /* FullMoviesNetwork.swift in Sources */ = {isa = PBXBuildFile; fileRef = 730422092635D2AB006FFD36 /* FullMoviesNetwork.swift */; };
		73042212263608D1006FFD36 /* PopularMoviesRestApi.swift in Sources */ = {isa = PBXBuildFile; fileRef = 73042211263608D1006FFD36 /* PopularMoviesRestApi.swift */; };
		7304221726360C01006FFD36 /* PopularMoviesAlamofireRestApi.swift in Sources */ = {isa = PBXBuildFile; fileRef = 7304221626360C01006FFD36 /* PopularMoviesAlamofireRestApi.swift */; };
		7304221C2636110C006FFD36 /* CodableHelper.swift in Sources */ = {isa = PBXBuildFile; fileRef = 7304221B2636110C006FFD36 /* CodableHelper.swift */; };
		73042221263611AF006FFD36 /* NetworkError.swift in Sources */ = {isa = PBXBuildFile; fileRef = 73042220263611AF006FFD36 /* NetworkError.swift */; };
		7304222626362BDF006FFD36 /* MoviesNetworkBase.swift in Sources */ = {isa = PBXBuildFile; fileRef = 7304222526362BDF006FFD36 /* MoviesNetworkBase.swift */; };
		7304222B26362DD7006FFD36 /* NetworkConstants.swift in Sources */ = {isa = PBXBuildFile; fileRef = 7304222A26362DD7006FFD36 /* NetworkConstants.swift */; };
		7304223526363BCB006FFD36 /* UrlHelper.swift in Sources */ = {isa = PBXBuildFile; fileRef = 7304223426363BCB006FFD36 /* UrlHelper.swift */; };
		7304223A26363FE4006FFD36 /* PopularMoviesApiRepository.swift in Sources */ = {isa = PBXBuildFile; fileRef = 7304223926363FE4006FFD36 /* PopularMoviesApiRepository.swift */; };
		7304224226365A1D006FFD36 /* PopularMoviesApiRepositoryTests.swift in Sources */ = {isa = PBXBuildFile; fileRef = 7304224126365A1D006FFD36 /* PopularMoviesApiRepositoryTests.swift */; };
		7304224A26365B21006FFD36 /* PopularMoviesRestApiMock.swift in Sources */ = {isa = PBXBuildFile; fileRef = 7304224926365B21006FFD36 /* PopularMoviesRestApiMock.swift */; };
		7304225E2636649C006FFD36 /* UrlHelperTests.swift in Sources */ = {isa = PBXBuildFile; fileRef = 7304225D2636649C006FFD36 /* UrlHelperTests.swift */; };
		730422672636677A006FFD36 /* Mapper.swift in Sources */ = {isa = PBXBuildFile; fileRef = 730422662636677A006FFD36 /* Mapper.swift */; };
		7304226F263668CB006FFD36 /* ErrorModelMapper.swift in Sources */ = {isa = PBXBuildFile; fileRef = 7304226E263668CB006FFD36 /* ErrorModelMapper.swift */; };
		7322DEB526311C4B00149F3A /* AppDelegate.swift in Sources */ = {isa = PBXBuildFile; fileRef = 7322DEB426311C4B00149F3A /* AppDelegate.swift */; };
		7322DEBC26311C4B00149F3A /* Main.storyboard in Resources */ = {isa = PBXBuildFile; fileRef = 7322DEBA26311C4B00149F3A /* Main.storyboard */; };
		7322DEBE26311C4D00149F3A /* Assets.xcassets in Resources */ = {isa = PBXBuildFile; fileRef = 7322DEBD26311C4D00149F3A /* Assets.xcassets */; };
		7322DEC126311C4D00149F3A /* LaunchScreen.storyboard in Resources */ = {isa = PBXBuildFile; fileRef = 7322DEBF26311C4D00149F3A /* LaunchScreen.storyboard */; };
		7322DED726311C4D00149F3A /* FullMoviesUITests.swift in Sources */ = {isa = PBXBuildFile; fileRef = 7322DED626311C4D00149F3A /* FullMoviesUITests.swift */; };
		7360E4C52636E6AA00B92747 /* ViewControllerFactory.swift in Sources */ = {isa = PBXBuildFile; fileRef = 7360E4C42636E6AA00B92747 /* ViewControllerFactory.swift */; };
		7360E4CE26370A4100B92747 /* PopularMoviesVC.swift in Sources */ = {isa = PBXBuildFile; fileRef = 7360E4CD26370A4100B92747 /* PopularMoviesVC.swift */; };
		7360E4D4263712D500B92747 /* Image.swift in Sources */ = {isa = PBXBuildFile; fileRef = 7360E4D3263712D500B92747 /* Image.swift */; };
		7360E4E02637234900B92747 /* PopularMoviesServiceLocator.swift in Sources */ = {isa = PBXBuildFile; fileRef = 7360E4DF2637234900B92747 /* PopularMoviesServiceLocator.swift */; };
		7360E4E92637265C00B92747 /* PopularMoviesServiceLocatorTests.swift in Sources */ = {isa = PBXBuildFile; fileRef = 7360E4E82637265C00B92747 /* PopularMoviesServiceLocatorTests.swift */; };
		7360E4F126373F3400B92747 /* PopularMoviesPresenter.swift in Sources */ = {isa = PBXBuildFile; fileRef = 7360E4F026373F3400B92747 /* PopularMoviesPresenter.swift */; };
		73F22EE52634B3C800D27C95 /* Coordinator.swift in Sources */ = {isa = PBXBuildFile; fileRef = 73F22EE42634B3C800D27C95 /* Coordinator.swift */; };
		73F22EED2634B3DB00D27C95 /* AppCoordinator.swift in Sources */ = {isa = PBXBuildFile; fileRef = 73F22EEC2634B3DB00D27C95 /* AppCoordinator.swift */; };
		73F22EF42634B44200D27C95 /* MainCoordinator.swift in Sources */ = {isa = PBXBuildFile; fileRef = 73F22EF32634B44200D27C95 /* MainCoordinator.swift */; };
		73F22F032634BA1300D27C95 /* AppCoordinatorTests.swift in Sources */ = {isa = PBXBuildFile; fileRef = 73F22F022634BA1300D27C95 /* AppCoordinatorTests.swift */; };
		73F22F0B2634D20000D27C95 /* TestCase.swift in Sources */ = {isa = PBXBuildFile; fileRef = 73F22F0A2634D20000D27C95 /* TestCase.swift */; };
		73F22F112634D53300D27C95 /* NavigationControllerMock.swift in Sources */ = {isa = PBXBuildFile; fileRef = 73F22F102634D53300D27C95 /* NavigationControllerMock.swift */; };
		73F22F192634D56C00D27C95 /* UIWindowMock.swift in Sources */ = {isa = PBXBuildFile; fileRef = 73F22F182634D56C00D27C95 /* UIWindowMock.swift */; };
		73F22F1E2634D5A800D27C95 /* CoordinatorMock.swift in Sources */ = {isa = PBXBuildFile; fileRef = 73F22F1D2634D5A800D27C95 /* CoordinatorMock.swift */; };
		73F22F522635B45700D27C95 /* GetPopularMoviesUseCase.swift in Sources */ = {isa = PBXBuildFile; fileRef = 73F22F512635B45700D27C95 /* GetPopularMoviesUseCase.swift */; };
		73F22F592635B52700D27C95 /* PopularMoviesRepository.swift in Sources */ = {isa = PBXBuildFile; fileRef = 73F22F582635B52700D27C95 /* PopularMoviesRepository.swift */; };
		73F22F652635B88A00D27C95 /* ErrorModel.swift in Sources */ = {isa = PBXBuildFile; fileRef = 73F22F642635B88A00D27C95 /* ErrorModel.swift */; };
		73F22F6E2635BAF000D27C95 /* Movies.swift in Sources */ = {isa = PBXBuildFile; fileRef = 73F22F6D2635BAF000D27C95 /* Movies.swift */; };
		73F22F762635BB4A00D27C95 /* MovieInfo.swift in Sources */ = {isa = PBXBuildFile; fileRef = 73F22F752635BB4A00D27C95 /* MovieInfo.swift */; };
		73F22F7E2635C07900D27C95 /* GetPopularMoviesUseCaseTests.swift in Sources */ = {isa = PBXBuildFile; fileRef = 73F22F7D2635C07900D27C95 /* GetPopularMoviesUseCaseTests.swift */; };
		73F22F8A2635C13B00D27C95 /* PopularMoviesRepositoryMock.swift in Sources */ = {isa = PBXBuildFile; fileRef = 73F22F892635C13B00D27C95 /* PopularMoviesRepositoryMock.swift */; };
		BDC8E96F1B7B7774C8B1975A /* Pods_FullMoviesTests.framework in Frameworks */ = {isa = PBXBuildFile; fileRef = 1E361DFDEF62E036BCC55395 /* Pods_FullMoviesTests.framework */; };
		E9E7766CD6B846F2C4F8844D /* Pods_FullMovies.framework in Frameworks */ = {isa = PBXBuildFile; fileRef = 830EDFD461219308DF730134 /* Pods_FullMovies.framework */; };
/* End PBXBuildFile section */

/* Begin PBXContainerItemProxy section */
		7322DEC826311C4D00149F3A /* PBXContainerItemProxy */ = {
			isa = PBXContainerItemProxy;
			containerPortal = 7322DEA926311C4A00149F3A /* Project object */;
			proxyType = 1;
			remoteGlobalIDString = 7322DEB026311C4B00149F3A;
			remoteInfo = FullMovies;
		};
		7322DED326311C4D00149F3A /* PBXContainerItemProxy */ = {
			isa = PBXContainerItemProxy;
			containerPortal = 7322DEA926311C4A00149F3A /* Project object */;
			proxyType = 1;
			remoteGlobalIDString = 7322DEB026311C4B00149F3A;
			remoteInfo = FullMovies;
		};
/* End PBXContainerItemProxy section */

/* Begin PBXFileReference section */
		1E361DFDEF62E036BCC55395 /* Pods_FullMoviesTests.framework */ = {isa = PBXFileReference; explicitFileType = wrapper.framework; includeInIndex = 0; path = Pods_FullMoviesTests.framework; sourceTree = BUILT_PRODUCTS_DIR; };
		4CCDB74CD709AB28E0631898 /* Pods-FullMovies.release.xcconfig */ = {isa = PBXFileReference; includeInIndex = 1; lastKnownFileType = text.xcconfig; name = "Pods-FullMovies.release.xcconfig"; path = "Target Support Files/Pods-FullMovies/Pods-FullMovies.release.xcconfig"; sourceTree = "<group>"; };
		4E659AAF158188AE34DAAA34 /* Pods-FullMovies.debug.xcconfig */ = {isa = PBXFileReference; includeInIndex = 1; lastKnownFileType = text.xcconfig; name = "Pods-FullMovies.debug.xcconfig"; path = "Target Support Files/Pods-FullMovies/Pods-FullMovies.debug.xcconfig"; sourceTree = "<group>"; };
		623C5EE99DFEBAB1CA8B2D6D /* Pods-FullMoviesTests.release.xcconfig */ = {isa = PBXFileReference; includeInIndex = 1; lastKnownFileType = text.xcconfig; name = "Pods-FullMoviesTests.release.xcconfig"; path = "Target Support Files/Pods-FullMoviesTests/Pods-FullMoviesTests.release.xcconfig"; sourceTree = "<group>"; };
		730422092635D2AB006FFD36 /* FullMoviesNetwork.swift */ = {isa = PBXFileReference; lastKnownFileType = sourcecode.swift; path = FullMoviesNetwork.swift; sourceTree = "<group>"; };
		73042211263608D1006FFD36 /* PopularMoviesRestApi.swift */ = {isa = PBXFileReference; lastKnownFileType = sourcecode.swift; path = PopularMoviesRestApi.swift; sourceTree = "<group>"; };
		7304221626360C01006FFD36 /* PopularMoviesAlamofireRestApi.swift */ = {isa = PBXFileReference; lastKnownFileType = sourcecode.swift; path = PopularMoviesAlamofireRestApi.swift; sourceTree = "<group>"; };
		7304221B2636110C006FFD36 /* CodableHelper.swift */ = {isa = PBXFileReference; lastKnownFileType = sourcecode.swift; path = CodableHelper.swift; sourceTree = "<group>"; };
		73042220263611AF006FFD36 /* NetworkError.swift */ = {isa = PBXFileReference; lastKnownFileType = sourcecode.swift; path = NetworkError.swift; sourceTree = "<group>"; };
		7304222526362BDF006FFD36 /* MoviesNetworkBase.swift */ = {isa = PBXFileReference; lastKnownFileType = sourcecode.swift; path = MoviesNetworkBase.swift; sourceTree = "<group>"; };
		7304222A26362DD7006FFD36 /* NetworkConstants.swift */ = {isa = PBXFileReference; lastKnownFileType = sourcecode.swift; path = NetworkConstants.swift; sourceTree = "<group>"; };
		7304223426363BCB006FFD36 /* UrlHelper.swift */ = {isa = PBXFileReference; lastKnownFileType = sourcecode.swift; path = UrlHelper.swift; sourceTree = "<group>"; };
		7304223926363FE4006FFD36 /* PopularMoviesApiRepository.swift */ = {isa = PBXFileReference; lastKnownFileType = sourcecode.swift; path = PopularMoviesApiRepository.swift; sourceTree = "<group>"; };
		7304224126365A1D006FFD36 /* PopularMoviesApiRepositoryTests.swift */ = {isa = PBXFileReference; lastKnownFileType = sourcecode.swift; path = PopularMoviesApiRepositoryTests.swift; sourceTree = "<group>"; };
		7304224926365B21006FFD36 /* PopularMoviesRestApiMock.swift */ = {isa = PBXFileReference; lastKnownFileType = sourcecode.swift; path = PopularMoviesRestApiMock.swift; sourceTree = "<group>"; };
		7304225D2636649C006FFD36 /* UrlHelperTests.swift */ = {isa = PBXFileReference; lastKnownFileType = sourcecode.swift; path = UrlHelperTests.swift; sourceTree = "<group>"; };
		730422662636677A006FFD36 /* Mapper.swift */ = {isa = PBXFileReference; lastKnownFileType = sourcecode.swift; path = Mapper.swift; sourceTree = "<group>"; };
		7304226E263668CB006FFD36 /* ErrorModelMapper.swift */ = {isa = PBXFileReference; lastKnownFileType = sourcecode.swift; path = ErrorModelMapper.swift; sourceTree = "<group>"; };
		7322DEB126311C4B00149F3A /* FullMovies.app */ = {isa = PBXFileReference; explicitFileType = wrapper.application; includeInIndex = 0; path = FullMovies.app; sourceTree = BUILT_PRODUCTS_DIR; };
		7322DEB426311C4B00149F3A /* AppDelegate.swift */ = {isa = PBXFileReference; lastKnownFileType = sourcecode.swift; path = AppDelegate.swift; sourceTree = "<group>"; };
		7322DEBB26311C4B00149F3A /* Base */ = {isa = PBXFileReference; lastKnownFileType = file.storyboard; name = Base; path = Base.lproj/Main.storyboard; sourceTree = "<group>"; };
		7322DEBD26311C4D00149F3A /* Assets.xcassets */ = {isa = PBXFileReference; lastKnownFileType = folder.assetcatalog; path = Assets.xcassets; sourceTree = "<group>"; };
		7322DEC026311C4D00149F3A /* Base */ = {isa = PBXFileReference; lastKnownFileType = file.storyboard; name = Base; path = Base.lproj/LaunchScreen.storyboard; sourceTree = "<group>"; };
		7322DEC226311C4D00149F3A /* Info.plist */ = {isa = PBXFileReference; lastKnownFileType = text.plist.xml; path = Info.plist; sourceTree = "<group>"; };
		7322DEC726311C4D00149F3A /* FullMoviesTests.xctest */ = {isa = PBXFileReference; explicitFileType = wrapper.cfbundle; includeInIndex = 0; path = FullMoviesTests.xctest; sourceTree = BUILT_PRODUCTS_DIR; };
		7322DECD26311C4D00149F3A /* Info.plist */ = {isa = PBXFileReference; lastKnownFileType = text.plist.xml; path = Info.plist; sourceTree = "<group>"; };
		7322DED226311C4D00149F3A /* FullMoviesUITests.xctest */ = {isa = PBXFileReference; explicitFileType = wrapper.cfbundle; includeInIndex = 0; path = FullMoviesUITests.xctest; sourceTree = BUILT_PRODUCTS_DIR; };
		7322DED626311C4D00149F3A /* FullMoviesUITests.swift */ = {isa = PBXFileReference; lastKnownFileType = sourcecode.swift; path = FullMoviesUITests.swift; sourceTree = "<group>"; };
		7322DED826311C4D00149F3A /* Info.plist */ = {isa = PBXFileReference; lastKnownFileType = text.plist.xml; path = Info.plist; sourceTree = "<group>"; };
		7360E4C42636E6AA00B92747 /* ViewControllerFactory.swift */ = {isa = PBXFileReference; lastKnownFileType = sourcecode.swift; path = ViewControllerFactory.swift; sourceTree = "<group>"; };
		7360E4CD26370A4100B92747 /* PopularMoviesVC.swift */ = {isa = PBXFileReference; lastKnownFileType = sourcecode.swift; path = PopularMoviesVC.swift; sourceTree = "<group>"; };
		7360E4D3263712D500B92747 /* Image.swift */ = {isa = PBXFileReference; lastKnownFileType = sourcecode.swift; path = Image.swift; sourceTree = "<group>"; };
		7360E4DF2637234900B92747 /* PopularMoviesServiceLocator.swift */ = {isa = PBXFileReference; lastKnownFileType = sourcecode.swift; path = PopularMoviesServiceLocator.swift; sourceTree = "<group>"; };
		7360E4E82637265C00B92747 /* PopularMoviesServiceLocatorTests.swift */ = {isa = PBXFileReference; lastKnownFileType = sourcecode.swift; path = PopularMoviesServiceLocatorTests.swift; sourceTree = "<group>"; };
		7360E4F026373F3400B92747 /* PopularMoviesPresenter.swift */ = {isa = PBXFileReference; lastKnownFileType = sourcecode.swift; path = PopularMoviesPresenter.swift; sourceTree = "<group>"; };
		73F22EE42634B3C800D27C95 /* Coordinator.swift */ = {isa = PBXFileReference; lastKnownFileType = sourcecode.swift; path = Coordinator.swift; sourceTree = "<group>"; };
		73F22EEC2634B3DB00D27C95 /* AppCoordinator.swift */ = {isa = PBXFileReference; lastKnownFileType = sourcecode.swift; path = AppCoordinator.swift; sourceTree = "<group>"; };
		73F22EF32634B44200D27C95 /* MainCoordinator.swift */ = {isa = PBXFileReference; lastKnownFileType = sourcecode.swift; path = MainCoordinator.swift; sourceTree = "<group>"; };
		73F22F022634BA1300D27C95 /* AppCoordinatorTests.swift */ = {isa = PBXFileReference; lastKnownFileType = sourcecode.swift; path = AppCoordinatorTests.swift; sourceTree = "<group>"; };
		73F22F0A2634D20000D27C95 /* TestCase.swift */ = {isa = PBXFileReference; lastKnownFileType = sourcecode.swift; path = TestCase.swift; sourceTree = "<group>"; };
		73F22F102634D53300D27C95 /* NavigationControllerMock.swift */ = {isa = PBXFileReference; lastKnownFileType = sourcecode.swift; path = NavigationControllerMock.swift; sourceTree = "<group>"; };
		73F22F182634D56C00D27C95 /* UIWindowMock.swift */ = {isa = PBXFileReference; lastKnownFileType = sourcecode.swift; path = UIWindowMock.swift; sourceTree = "<group>"; };
		73F22F1D2634D5A800D27C95 /* CoordinatorMock.swift */ = {isa = PBXFileReference; lastKnownFileType = sourcecode.swift; path = CoordinatorMock.swift; sourceTree = "<group>"; };
		73F22F512635B45700D27C95 /* GetPopularMoviesUseCase.swift */ = {isa = PBXFileReference; lastKnownFileType = sourcecode.swift; path = GetPopularMoviesUseCase.swift; sourceTree = "<group>"; };
		73F22F582635B52700D27C95 /* PopularMoviesRepository.swift */ = {isa = PBXFileReference; lastKnownFileType = sourcecode.swift; path = PopularMoviesRepository.swift; sourceTree = "<group>"; };
		73F22F642635B88A00D27C95 /* ErrorModel.swift */ = {isa = PBXFileReference; lastKnownFileType = sourcecode.swift; path = ErrorModel.swift; sourceTree = "<group>"; };
		73F22F6D2635BAF000D27C95 /* Movies.swift */ = {isa = PBXFileReference; lastKnownFileType = sourcecode.swift; path = Movies.swift; sourceTree = "<group>"; };
		73F22F752635BB4A00D27C95 /* MovieInfo.swift */ = {isa = PBXFileReference; lastKnownFileType = sourcecode.swift; path = MovieInfo.swift; sourceTree = "<group>"; };
		73F22F7D2635C07900D27C95 /* GetPopularMoviesUseCaseTests.swift */ = {isa = PBXFileReference; lastKnownFileType = sourcecode.swift; path = GetPopularMoviesUseCaseTests.swift; sourceTree = "<group>"; };
		73F22F892635C13B00D27C95 /* PopularMoviesRepositoryMock.swift */ = {isa = PBXFileReference; lastKnownFileType = sourcecode.swift; path = PopularMoviesRepositoryMock.swift; sourceTree = "<group>"; };
		830EDFD461219308DF730134 /* Pods_FullMovies.framework */ = {isa = PBXFileReference; explicitFileType = wrapper.framework; includeInIndex = 0; path = Pods_FullMovies.framework; sourceTree = BUILT_PRODUCTS_DIR; };
		D917905B6B6390C1683ACD3C /* Pods-FullMoviesTests.debug.xcconfig */ = {isa = PBXFileReference; includeInIndex = 1; lastKnownFileType = text.xcconfig; name = "Pods-FullMoviesTests.debug.xcconfig"; path = "Target Support Files/Pods-FullMoviesTests/Pods-FullMoviesTests.debug.xcconfig"; sourceTree = "<group>"; };
/* End PBXFileReference section */

/* Begin PBXFrameworksBuildPhase section */
		7322DEAE26311C4B00149F3A /* Frameworks */ = {
			isa = PBXFrameworksBuildPhase;
			buildActionMask = 2147483647;
			files = (
				E9E7766CD6B846F2C4F8844D /* Pods_FullMovies.framework in Frameworks */,
			);
			runOnlyForDeploymentPostprocessing = 0;
		};
		7322DEC426311C4D00149F3A /* Frameworks */ = {
			isa = PBXFrameworksBuildPhase;
			buildActionMask = 2147483647;
			files = (
				BDC8E96F1B7B7774C8B1975A /* Pods_FullMoviesTests.framework in Frameworks */,
			);
			runOnlyForDeploymentPostprocessing = 0;
		};
		7322DECF26311C4D00149F3A /* Frameworks */ = {
			isa = PBXFrameworksBuildPhase;
			buildActionMask = 2147483647;
			files = (
			);
			runOnlyForDeploymentPostprocessing = 0;
		};
/* End PBXFrameworksBuildPhase section */

/* Begin PBXGroup section */
		28C0C851A02B9AD680E8E42A /* Frameworks */ = {
			isa = PBXGroup;
			children = (
				830EDFD461219308DF730134 /* Pods_FullMovies.framework */,
				1E361DFDEF62E036BCC55395 /* Pods_FullMoviesTests.framework */,
			);
			name = Frameworks;
			sourceTree = "<group>";
		};
		730422042635CBE5006FFD36 /* Network */ = {
			isa = PBXGroup;
			children = (
				73042211263608D1006FFD36 /* PopularMoviesRestApi.swift */,
				7304221626360C01006FFD36 /* PopularMoviesAlamofireRestApi.swift */,
			);
			path = Network;
			sourceTree = "<group>";
		};
		730422082635D1E9006FFD36 /* Network */ = {
			isa = PBXGroup;
			children = (
				730422092635D2AB006FFD36 /* FullMoviesNetwork.swift */,
				7304221B2636110C006FFD36 /* CodableHelper.swift */,
				73042220263611AF006FFD36 /* NetworkError.swift */,
				7304222526362BDF006FFD36 /* MoviesNetworkBase.swift */,
				7304222A26362DD7006FFD36 /* NetworkConstants.swift */,
			);
			path = Network;
			sourceTree = "<group>";
		};
		7304223226363B4A006FFD36 /* Helpers */ = {
			isa = PBXGroup;
			children = (
				7304223426363BCB006FFD36 /* UrlHelper.swift */,
			);
			path = Helpers;
			sourceTree = "<group>";
		};
		7304223E263659AC006FFD36 /* Data */ = {
			isa = PBXGroup;
			children = (
				73042240263659DD006FFD36 /* Repository */,
			);
			path = Data;
			sourceTree = "<group>";
		};
		73042240263659DD006FFD36 /* Repository */ = {
			isa = PBXGroup;
			children = (
				7304224126365A1D006FFD36 /* PopularMoviesApiRepositoryTests.swift */,
			);
			path = Repository;
			sourceTree = "<group>";
		};
		7304225C26366486006FFD36 /* Helpers */ = {
			isa = PBXGroup;
			children = (
				7304225D2636649C006FFD36 /* UrlHelperTests.swift */,
			);
			path = Helpers;
			sourceTree = "<group>";
		};
		730422652636675B006FFD36 /* Mapper */ = {
			isa = PBXGroup;
			children = (
				730422662636677A006FFD36 /* Mapper.swift */,
				7304226E263668CB006FFD36 /* ErrorModelMapper.swift */,
			);
			path = Mapper;
			sourceTree = "<group>";
		};
		7322DEA826311C4A00149F3A = {
			isa = PBXGroup;
			children = (
				7322DEB326311C4B00149F3A /* FullMovies */,
				7322DECA26311C4D00149F3A /* FullMoviesTests */,
				7322DED526311C4D00149F3A /* FullMoviesUITests */,
				7322DEB226311C4B00149F3A /* Products */,
				DAFD04AD8E912D3E01976D45 /* Pods */,
				28C0C851A02B9AD680E8E42A /* Frameworks */,
			);
			sourceTree = "<group>";
		};
		7322DEB226311C4B00149F3A /* Products */ = {
			isa = PBXGroup;
			children = (
				7322DEB126311C4B00149F3A /* FullMovies.app */,
				7322DEC726311C4D00149F3A /* FullMoviesTests.xctest */,
				7322DED226311C4D00149F3A /* FullMoviesUITests.xctest */,
			);
			name = Products;
			sourceTree = "<group>";
		};
		7322DEB326311C4B00149F3A /* FullMovies */ = {
			isa = PBXGroup;
			children = (
				73F22EFB2634B76C00D27C95 /* Core */,
				73F22EF12634B41600D27C95 /* List */,
				7322DEBA26311C4B00149F3A /* Main.storyboard */,
				73F22EFF2634B9BE00D27C95 /* Resources */,
			);
			path = FullMovies;
			sourceTree = "<group>";
		};
		7322DECA26311C4D00149F3A /* FullMoviesTests */ = {
			isa = PBXGroup;
			children = (
				73F22F7A2635C02400D27C95 /* List */,
				73F22F002634B9D600D27C95 /* Core */,
				7322DECD26311C4D00149F3A /* Info.plist */,
				73F22F0A2634D20000D27C95 /* TestCase.swift */,
			);
			path = FullMoviesTests;
			sourceTree = "<group>";
		};
		7322DED526311C4D00149F3A /* FullMoviesUITests */ = {
			isa = PBXGroup;
			children = (
				7322DED626311C4D00149F3A /* FullMoviesUITests.swift */,
				7322DED826311C4D00149F3A /* Info.plist */,
			);
			path = FullMoviesUITests;
			sourceTree = "<group>";
		};
		7360E4C32636E69000B92747 /* Factory */ = {
			isa = PBXGroup;
			children = (
				7360E4C42636E6AA00B92747 /* ViewControllerFactory.swift */,
			);
			path = Factory;
			sourceTree = "<group>";
		};
		7360E4CC26370A2C00B92747 /* UI */ = {
			isa = PBXGroup;
			children = (
				7360E4CD26370A4100B92747 /* PopularMoviesVC.swift */,
				7360E4F026373F3400B92747 /* PopularMoviesPresenter.swift */,
			);
			path = UI;
			sourceTree = "<group>";
		};
		7360E4D2263712C500B92747 /* Extension */ = {
			isa = PBXGroup;
			children = (
				7360E4D3263712D500B92747 /* Image.swift */,
			);
			path = Extension;
			sourceTree = "<group>";
		};
		7360E4DE2637227000B92747 /* DI */ = {
			isa = PBXGroup;
			children = (
				7360E4DF2637234900B92747 /* PopularMoviesServiceLocator.swift */,
			);
			path = DI;
			sourceTree = "<group>";
		};
		7360E4E72637264900B92747 /* DI */ = {
			isa = PBXGroup;
			children = (
				7360E4E82637265C00B92747 /* PopularMoviesServiceLocatorTests.swift */,
			);
			path = DI;
			sourceTree = "<group>";
		};
		73F22EE32634B3B400D27C95 /* Coordinator */ = {
			isa = PBXGroup;
			children = (
				73F22EE42634B3C800D27C95 /* Coordinator.swift */,
				73F22EEC2634B3DB00D27C95 /* AppCoordinator.swift */,
			);
			path = Coordinator;
			sourceTree = "<group>";
		};
		73F22EF12634B41600D27C95 /* List */ = {
			isa = PBXGroup;
			children = (
				73F22EF22634B42600D27C95 /* Coordinator */,
				73F22F562635B4C100D27C95 /* Data */,
				7360E4DE2637227000B92747 /* DI */,
				73F22F4F2635B43200D27C95 /* Domain */,
				7360E4CC26370A2C00B92747 /* UI */,
			);
			path = List;
			sourceTree = "<group>";
		};
		73F22EF22634B42600D27C95 /* Coordinator */ = {
			isa = PBXGroup;
			children = (
				73F22EF32634B44200D27C95 /* MainCoordinator.swift */,
			);
			path = Coordinator;
			sourceTree = "<group>";
		};
		73F22EFB2634B76C00D27C95 /* Core */ = {
			isa = PBXGroup;
			children = (
				7360E4D2263712C500B92747 /* Extension */,
				7360E4C32636E69000B92747 /* Factory */,
				7322DEB426311C4B00149F3A /* AppDelegate.swift */,
				73F22EE32634B3B400D27C95 /* Coordinator */,
				7304223226363B4A006FFD36 /* Helpers */,
				730422652636675B006FFD36 /* Mapper */,
				73F22F632635B87300D27C95 /* Model */,
				730422082635D1E9006FFD36 /* Network */,
			);
			path = Core;
			sourceTree = "<group>";
		};
		73F22EFF2634B9BE00D27C95 /* Resources */ = {
			isa = PBXGroup;
			children = (
				7322DEBD26311C4D00149F3A /* Assets.xcassets */,
				7322DEBF26311C4D00149F3A /* LaunchScreen.storyboard */,
				7322DEC226311C4D00149F3A /* Info.plist */,
			);
			path = Resources;
			sourceTree = "<group>";
		};
		73F22F002634B9D600D27C95 /* Core */ = {
			isa = PBXGroup;
			children = (
				7304225C26366486006FFD36 /* Helpers */,
				73F22F012634B9EA00D27C95 /* Coordinator */,
			);
			path = Core;
			sourceTree = "<group>";
		};
		73F22F012634B9EA00D27C95 /* Coordinator */ = {
			isa = PBXGroup;
			children = (
				73F22F0F2634D51700D27C95 /* Mock */,
				73F22F022634BA1300D27C95 /* AppCoordinatorTests.swift */,
			);
			path = Coordinator;
			sourceTree = "<group>";
		};
		73F22F0F2634D51700D27C95 /* Mock */ = {
			isa = PBXGroup;
			children = (
				73F22F102634D53300D27C95 /* NavigationControllerMock.swift */,
				73F22F182634D56C00D27C95 /* UIWindowMock.swift */,
				73F22F1D2634D5A800D27C95 /* CoordinatorMock.swift */,
			);
			path = Mock;
			sourceTree = "<group>";
		};
		73F22F4F2635B43200D27C95 /* Domain */ = {
			isa = PBXGroup;
			children = (
				73F22F6C2635B9E200D27C95 /* Model */,
				73F22F502635B43C00D27C95 /* UseCases */,
			);
			path = Domain;
			sourceTree = "<group>";
		};
		73F22F502635B43C00D27C95 /* UseCases */ = {
			isa = PBXGroup;
			children = (
				73F22F512635B45700D27C95 /* GetPopularMoviesUseCase.swift */,
			);
			path = UseCases;
			sourceTree = "<group>";
		};
		73F22F562635B4C100D27C95 /* Data */ = {
			isa = PBXGroup;
			children = (
				730422042635CBE5006FFD36 /* Network */,
				73F22F572635B4D400D27C95 /* Repository */,
			);
			path = Data;
			sourceTree = "<group>";
		};
		73F22F572635B4D400D27C95 /* Repository */ = {
			isa = PBXGroup;
			children = (
				73F22F582635B52700D27C95 /* PopularMoviesRepository.swift */,
				7304223926363FE4006FFD36 /* PopularMoviesApiRepository.swift */,
			);
			path = Repository;
			sourceTree = "<group>";
		};
		73F22F632635B87300D27C95 /* Model */ = {
			isa = PBXGroup;
			children = (
				73F22F642635B88A00D27C95 /* ErrorModel.swift */,
			);
			path = Model;
			sourceTree = "<group>";
		};
		73F22F6C2635B9E200D27C95 /* Model */ = {
			isa = PBXGroup;
			children = (
				73F22F6D2635BAF000D27C95 /* Movies.swift */,
				73F22F752635BB4A00D27C95 /* MovieInfo.swift */,
			);
			path = Model;
			sourceTree = "<group>";
		};
		73F22F7A2635C02400D27C95 /* List */ = {
			isa = PBXGroup;
			children = (
				7360E4E72637264900B92747 /* DI */,
				73F22F882635C12000D27C95 /* Mock */,
				7304223E263659AC006FFD36 /* Data */,
				73F22F7B2635C02D00D27C95 /* Domain */,
			);
			path = List;
			sourceTree = "<group>";
		};
		73F22F7B2635C02D00D27C95 /* Domain */ = {
			isa = PBXGroup;
			children = (
				73F22F7C2635C03C00D27C95 /* UseCase */,
			);
			path = Domain;
			sourceTree = "<group>";
		};
		73F22F7C2635C03C00D27C95 /* UseCase */ = {
			isa = PBXGroup;
			children = (
				73F22F7D2635C07900D27C95 /* GetPopularMoviesUseCaseTests.swift */,
			);
			path = UseCase;
			sourceTree = "<group>";
		};
		73F22F882635C12000D27C95 /* Mock */ = {
			isa = PBXGroup;
			children = (
				73F22F892635C13B00D27C95 /* PopularMoviesRepositoryMock.swift */,
				7304224926365B21006FFD36 /* PopularMoviesRestApiMock.swift */,
			);
			path = Mock;
			sourceTree = "<group>";
		};
		DAFD04AD8E912D3E01976D45 /* Pods */ = {
			isa = PBXGroup;
			children = (
				4E659AAF158188AE34DAAA34 /* Pods-FullMovies.debug.xcconfig */,
				4CCDB74CD709AB28E0631898 /* Pods-FullMovies.release.xcconfig */,
				D917905B6B6390C1683ACD3C /* Pods-FullMoviesTests.debug.xcconfig */,
				623C5EE99DFEBAB1CA8B2D6D /* Pods-FullMoviesTests.release.xcconfig */,
			);
			path = Pods;
			sourceTree = "<group>";
		};
/* End PBXGroup section */

/* Begin PBXNativeTarget section */
		7322DEB026311C4B00149F3A /* FullMovies */ = {
			isa = PBXNativeTarget;
			buildConfigurationList = 7322DEDB26311C4D00149F3A /* Build configuration list for PBXNativeTarget "FullMovies" */;
			buildPhases = (
				56253DFFCB370EDBFD1CD27F /* [CP] Check Pods Manifest.lock */,
				7322DEAD26311C4B00149F3A /* Sources */,
				7322DEAE26311C4B00149F3A /* Frameworks */,
				7322DEAF26311C4B00149F3A /* Resources */,
				4E3ABE5BBAB3322DB131B984 /* [CP] Embed Pods Frameworks */,
			);
			buildRules = (
			);
			dependencies = (
			);
			name = FullMovies;
			productName = FullMovies;
			productReference = 7322DEB126311C4B00149F3A /* FullMovies.app */;
			productType = "com.apple.product-type.application";
		};
		7322DEC626311C4D00149F3A /* FullMoviesTests */ = {
			isa = PBXNativeTarget;
			buildConfigurationList = 7322DEDE26311C4D00149F3A /* Build configuration list for PBXNativeTarget "FullMoviesTests" */;
			buildPhases = (
				B1C01DC74DF01B2D0C5CBAD7 /* [CP] Check Pods Manifest.lock */,
				7322DEC326311C4D00149F3A /* Sources */,
				7322DEC426311C4D00149F3A /* Frameworks */,
				7322DEC526311C4D00149F3A /* Resources */,
			);
			buildRules = (
			);
			dependencies = (
				7322DEC926311C4D00149F3A /* PBXTargetDependency */,
			);
			name = FullMoviesTests;
			productName = FullMoviesTests;
			productReference = 7322DEC726311C4D00149F3A /* FullMoviesTests.xctest */;
			productType = "com.apple.product-type.bundle.unit-test";
		};
		7322DED126311C4D00149F3A /* FullMoviesUITests */ = {
			isa = PBXNativeTarget;
			buildConfigurationList = 7322DEE126311C4D00149F3A /* Build configuration list for PBXNativeTarget "FullMoviesUITests" */;
			buildPhases = (
				7322DECE26311C4D00149F3A /* Sources */,
				7322DECF26311C4D00149F3A /* Frameworks */,
				7322DED026311C4D00149F3A /* Resources */,
			);
			buildRules = (
			);
			dependencies = (
				7322DED426311C4D00149F3A /* PBXTargetDependency */,
			);
			name = FullMoviesUITests;
			productName = FullMoviesUITests;
			productReference = 7322DED226311C4D00149F3A /* FullMoviesUITests.xctest */;
			productType = "com.apple.product-type.bundle.ui-testing";
		};
/* End PBXNativeTarget section */

/* Begin PBXProject section */
		7322DEA926311C4A00149F3A /* Project object */ = {
			isa = PBXProject;
			attributes = {
				LastSwiftUpdateCheck = 1240;
				LastUpgradeCheck = 1240;
				TargetAttributes = {
					7322DEB026311C4B00149F3A = {
						CreatedOnToolsVersion = 12.4;
					};
					7322DEC626311C4D00149F3A = {
						CreatedOnToolsVersion = 12.4;
						TestTargetID = 7322DEB026311C4B00149F3A;
					};
					7322DED126311C4D00149F3A = {
						CreatedOnToolsVersion = 12.4;
						TestTargetID = 7322DEB026311C4B00149F3A;
					};
				};
			};
			buildConfigurationList = 7322DEAC26311C4A00149F3A /* Build configuration list for PBXProject "FullMovies" */;
			compatibilityVersion = "Xcode 9.3";
			developmentRegion = en;
			hasScannedForEncodings = 0;
			knownRegions = (
				en,
				Base,
			);
			mainGroup = 7322DEA826311C4A00149F3A;
			productRefGroup = 7322DEB226311C4B00149F3A /* Products */;
			projectDirPath = "";
			projectRoot = "";
			targets = (
				7322DEB026311C4B00149F3A /* FullMovies */,
				7322DEC626311C4D00149F3A /* FullMoviesTests */,
				7322DED126311C4D00149F3A /* FullMoviesUITests */,
			);
		};
/* End PBXProject section */

/* Begin PBXResourcesBuildPhase section */
		7322DEAF26311C4B00149F3A /* Resources */ = {
			isa = PBXResourcesBuildPhase;
			buildActionMask = 2147483647;
			files = (
				7322DEC126311C4D00149F3A /* LaunchScreen.storyboard in Resources */,
				7322DEBE26311C4D00149F3A /* Assets.xcassets in Resources */,
				7322DEBC26311C4B00149F3A /* Main.storyboard in Resources */,
			);
			runOnlyForDeploymentPostprocessing = 0;
		};
		7322DEC526311C4D00149F3A /* Resources */ = {
			isa = PBXResourcesBuildPhase;
			buildActionMask = 2147483647;
			files = (
			);
			runOnlyForDeploymentPostprocessing = 0;
		};
		7322DED026311C4D00149F3A /* Resources */ = {
			isa = PBXResourcesBuildPhase;
			buildActionMask = 2147483647;
			files = (
			);
			runOnlyForDeploymentPostprocessing = 0;
		};
/* End PBXResourcesBuildPhase section */

/* Begin PBXShellScriptBuildPhase section */
		4E3ABE5BBAB3322DB131B984 /* [CP] Embed Pods Frameworks */ = {
			isa = PBXShellScriptBuildPhase;
			buildActionMask = 2147483647;
			files = (
			);
			inputFileListPaths = (
				"${PODS_ROOT}/Target Support Files/Pods-FullMovies/Pods-FullMovies-frameworks-${CONFIGURATION}-input-files.xcfilelist",
			);
			name = "[CP] Embed Pods Frameworks";
			outputFileListPaths = (
				"${PODS_ROOT}/Target Support Files/Pods-FullMovies/Pods-FullMovies-frameworks-${CONFIGURATION}-output-files.xcfilelist",
			);
			runOnlyForDeploymentPostprocessing = 0;
			shellPath = /bin/sh;
			shellScript = "\"${PODS_ROOT}/Target Support Files/Pods-FullMovies/Pods-FullMovies-frameworks.sh\"\n";
			showEnvVarsInLog = 0;
		};
		56253DFFCB370EDBFD1CD27F /* [CP] Check Pods Manifest.lock */ = {
			isa = PBXShellScriptBuildPhase;
			buildActionMask = 2147483647;
			files = (
			);
			inputFileListPaths = (
			);
			inputPaths = (
				"${PODS_PODFILE_DIR_PATH}/Podfile.lock",
				"${PODS_ROOT}/Manifest.lock",
			);
			name = "[CP] Check Pods Manifest.lock";
			outputFileListPaths = (
			);
			outputPaths = (
				"$(DERIVED_FILE_DIR)/Pods-FullMovies-checkManifestLockResult.txt",
			);
			runOnlyForDeploymentPostprocessing = 0;
			shellPath = /bin/sh;
			shellScript = "diff \"${PODS_PODFILE_DIR_PATH}/Podfile.lock\" \"${PODS_ROOT}/Manifest.lock\" > /dev/null\nif [ $? != 0 ] ; then\n    # print error to STDERR\n    echo \"error: The sandbox is not in sync with the Podfile.lock. Run 'pod install' or update your CocoaPods installation.\" >&2\n    exit 1\nfi\n# This output is used by Xcode 'outputs' to avoid re-running this script phase.\necho \"SUCCESS\" > \"${SCRIPT_OUTPUT_FILE_0}\"\n";
			showEnvVarsInLog = 0;
		};
		B1C01DC74DF01B2D0C5CBAD7 /* [CP] Check Pods Manifest.lock */ = {
			isa = PBXShellScriptBuildPhase;
			buildActionMask = 2147483647;
			files = (
			);
			inputFileListPaths = (
			);
			inputPaths = (
				"${PODS_PODFILE_DIR_PATH}/Podfile.lock",
				"${PODS_ROOT}/Manifest.lock",
			);
			name = "[CP] Check Pods Manifest.lock";
			outputFileListPaths = (
			);
			outputPaths = (
				"$(DERIVED_FILE_DIR)/Pods-FullMoviesTests-checkManifestLockResult.txt",
			);
			runOnlyForDeploymentPostprocessing = 0;
			shellPath = /bin/sh;
			shellScript = "diff \"${PODS_PODFILE_DIR_PATH}/Podfile.lock\" \"${PODS_ROOT}/Manifest.lock\" > /dev/null\nif [ $? != 0 ] ; then\n    # print error to STDERR\n    echo \"error: The sandbox is not in sync with the Podfile.lock. Run 'pod install' or update your CocoaPods installation.\" >&2\n    exit 1\nfi\n# This output is used by Xcode 'outputs' to avoid re-running this script phase.\necho \"SUCCESS\" > \"${SCRIPT_OUTPUT_FILE_0}\"\n";
			showEnvVarsInLog = 0;
		};
/* End PBXShellScriptBuildPhase section */

/* Begin PBXSourcesBuildPhase section */
		7322DEAD26311C4B00149F3A /* Sources */ = {
			isa = PBXSourcesBuildPhase;
			buildActionMask = 2147483647;
			files = (
				7304222626362BDF006FFD36 /* MoviesNetworkBase.swift in Sources */,
				7304222B26362DD7006FFD36 /* NetworkConstants.swift in Sources */,
				7360E4D4263712D500B92747 /* Image.swift in Sources */,
				7304223A26363FE4006FFD36 /* PopularMoviesApiRepository.swift in Sources */,
				7360E4CE26370A4100B92747 /* PopularMoviesVC.swift in Sources */,
				73F22F522635B45700D27C95 /* GetPopularMoviesUseCase.swift in Sources */,
				73042221263611AF006FFD36 /* NetworkError.swift in Sources */,
				7304226F263668CB006FFD36 /* ErrorModelMapper.swift in Sources */,
				7304223526363BCB006FFD36 /* UrlHelper.swift in Sources */,
				73F22F762635BB4A00D27C95 /* MovieInfo.swift in Sources */,
				73F22EED2634B3DB00D27C95 /* AppCoordinator.swift in Sources */,
				7304220A2635D2AB006FFD36 /* FullMoviesNetwork.swift in Sources */,
				7304221726360C01006FFD36 /* PopularMoviesAlamofireRestApi.swift in Sources */,
				7360E4E02637234900B92747 /* PopularMoviesServiceLocator.swift in Sources */,
				73F22F6E2635BAF000D27C95 /* Movies.swift in Sources */,
				7304221C2636110C006FFD36 /* CodableHelper.swift in Sources */,
				7322DEB526311C4B00149F3A /* AppDelegate.swift in Sources */,
				73042212263608D1006FFD36 /* PopularMoviesRestApi.swift in Sources */,
				7360E4C52636E6AA00B92747 /* ViewControllerFactory.swift in Sources */,
				73F22EF42634B44200D27C95 /* MainCoordinator.swift in Sources */,
				7360E4F126373F3400B92747 /* PopularMoviesPresenter.swift in Sources */,
				73F22F652635B88A00D27C95 /* ErrorModel.swift in Sources */,
				73F22F592635B52700D27C95 /* PopularMoviesRepository.swift in Sources */,
				73F22EE52634B3C800D27C95 /* Coordinator.swift in Sources */,
				730422672636677A006FFD36 /* Mapper.swift in Sources */,
			);
			runOnlyForDeploymentPostprocessing = 0;
		};
		7322DEC326311C4D00149F3A /* Sources */ = {
			isa = PBXSourcesBuildPhase;
			buildActionMask = 2147483647;
			files = (
				7360E4E92637265C00B92747 /* PopularMoviesServiceLocatorTests.swift in Sources */,
				73F22F032634BA1300D27C95 /* AppCoordinatorTests.swift in Sources */,
				73F22F7E2635C07900D27C95 /* GetPopularMoviesUseCaseTests.swift in Sources */,
				73F22F8A2635C13B00D27C95 /* PopularMoviesRepositoryMock.swift in Sources */,
				7304224226365A1D006FFD36 /* PopularMoviesApiRepositoryTests.swift in Sources */,
				73F22F1E2634D5A800D27C95 /* CoordinatorMock.swift in Sources */,
				7304224A26365B21006FFD36 /* PopularMoviesRestApiMock.swift in Sources */,
				73F22F192634D56C00D27C95 /* UIWindowMock.swift in Sources */,
				73F22F0B2634D20000D27C95 /* TestCase.swift in Sources */,
				73F22F112634D53300D27C95 /* NavigationControllerMock.swift in Sources */,
				7304225E2636649C006FFD36 /* UrlHelperTests.swift in Sources */,
			);
			runOnlyForDeploymentPostprocessing = 0;
		};
		7322DECE26311C4D00149F3A /* Sources */ = {
			isa = PBXSourcesBuildPhase;
			buildActionMask = 2147483647;
			files = (
				7322DED726311C4D00149F3A /* FullMoviesUITests.swift in Sources */,
			);
			runOnlyForDeploymentPostprocessing = 0;
		};
/* End PBXSourcesBuildPhase section */

/* Begin PBXTargetDependency section */
		7322DEC926311C4D00149F3A /* PBXTargetDependency */ = {
			isa = PBXTargetDependency;
			target = 7322DEB026311C4B00149F3A /* FullMovies */;
			targetProxy = 7322DEC826311C4D00149F3A /* PBXContainerItemProxy */;
		};
		7322DED426311C4D00149F3A /* PBXTargetDependency */ = {
			isa = PBXTargetDependency;
			target = 7322DEB026311C4B00149F3A /* FullMovies */;
			targetProxy = 7322DED326311C4D00149F3A /* PBXContainerItemProxy */;
		};
/* End PBXTargetDependency section */

/* Begin PBXVariantGroup section */
		7322DEBA26311C4B00149F3A /* Main.storyboard */ = {
			isa = PBXVariantGroup;
			children = (
				7322DEBB26311C4B00149F3A /* Base */,
			);
			name = Main.storyboard;
			sourceTree = "<group>";
		};
		7322DEBF26311C4D00149F3A /* LaunchScreen.storyboard */ = {
			isa = PBXVariantGroup;
			children = (
				7322DEC026311C4D00149F3A /* Base */,
			);
			name = LaunchScreen.storyboard;
			sourceTree = "<group>";
		};
/* End PBXVariantGroup section */

/* Begin XCBuildConfiguration section */
		7322DED926311C4D00149F3A /* Debug */ = {
			isa = XCBuildConfiguration;
			buildSettings = {
				ALWAYS_SEARCH_USER_PATHS = NO;
				CLANG_ANALYZER_NONNULL = YES;
				CLANG_ANALYZER_NUMBER_OBJECT_CONVERSION = YES_AGGRESSIVE;
				CLANG_CXX_LANGUAGE_STANDARD = "gnu++14";
				CLANG_CXX_LIBRARY = "libc++";
				CLANG_ENABLE_MODULES = YES;
				CLANG_ENABLE_OBJC_ARC = YES;
				CLANG_ENABLE_OBJC_WEAK = YES;
				CLANG_WARN_BLOCK_CAPTURE_AUTORELEASING = YES;
				CLANG_WARN_BOOL_CONVERSION = YES;
				CLANG_WARN_COMMA = YES;
				CLANG_WARN_CONSTANT_CONVERSION = YES;
				CLANG_WARN_DEPRECATED_OBJC_IMPLEMENTATIONS = YES;
				CLANG_WARN_DIRECT_OBJC_ISA_USAGE = YES_ERROR;
				CLANG_WARN_DOCUMENTATION_COMMENTS = YES;
				CLANG_WARN_EMPTY_BODY = YES;
				CLANG_WARN_ENUM_CONVERSION = YES;
				CLANG_WARN_INFINITE_RECURSION = YES;
				CLANG_WARN_INT_CONVERSION = YES;
				CLANG_WARN_NON_LITERAL_NULL_CONVERSION = YES;
				CLANG_WARN_OBJC_IMPLICIT_RETAIN_SELF = YES;
				CLANG_WARN_OBJC_LITERAL_CONVERSION = YES;
				CLANG_WARN_OBJC_ROOT_CLASS = YES_ERROR;
				CLANG_WARN_QUOTED_INCLUDE_IN_FRAMEWORK_HEADER = YES;
				CLANG_WARN_RANGE_LOOP_ANALYSIS = YES;
				CLANG_WARN_STRICT_PROTOTYPES = YES;
				CLANG_WARN_SUSPICIOUS_MOVE = YES;
				CLANG_WARN_UNGUARDED_AVAILABILITY = YES_AGGRESSIVE;
				CLANG_WARN_UNREACHABLE_CODE = YES;
				CLANG_WARN__DUPLICATE_METHOD_MATCH = YES;
				COPY_PHASE_STRIP = NO;
				DEBUG_INFORMATION_FORMAT = dwarf;
				ENABLE_STRICT_OBJC_MSGSEND = YES;
				ENABLE_TESTABILITY = YES;
				GCC_C_LANGUAGE_STANDARD = gnu11;
				GCC_DYNAMIC_NO_PIC = NO;
				GCC_NO_COMMON_BLOCKS = YES;
				GCC_OPTIMIZATION_LEVEL = 0;
				GCC_PREPROCESSOR_DEFINITIONS = (
					"DEBUG=1",
					"$(inherited)",
				);
				GCC_WARN_64_TO_32_BIT_CONVERSION = YES;
				GCC_WARN_ABOUT_RETURN_TYPE = YES_ERROR;
				GCC_WARN_UNDECLARED_SELECTOR = YES;
				GCC_WARN_UNINITIALIZED_AUTOS = YES_AGGRESSIVE;
				GCC_WARN_UNUSED_FUNCTION = YES;
				GCC_WARN_UNUSED_VARIABLE = YES;
				IPHONEOS_DEPLOYMENT_TARGET = 12.1;
				MTL_ENABLE_DEBUG_INFO = INCLUDE_SOURCE;
				MTL_FAST_MATH = YES;
				ONLY_ACTIVE_ARCH = YES;
				SDKROOT = iphoneos;
				SWIFT_ACTIVE_COMPILATION_CONDITIONS = DEBUG;
				SWIFT_OPTIMIZATION_LEVEL = "-Onone";
			};
			name = Debug;
		};
		7322DEDA26311C4D00149F3A /* Release */ = {
			isa = XCBuildConfiguration;
			buildSettings = {
				ALWAYS_SEARCH_USER_PATHS = NO;
				CLANG_ANALYZER_NONNULL = YES;
				CLANG_ANALYZER_NUMBER_OBJECT_CONVERSION = YES_AGGRESSIVE;
				CLANG_CXX_LANGUAGE_STANDARD = "gnu++14";
				CLANG_CXX_LIBRARY = "libc++";
				CLANG_ENABLE_MODULES = YES;
				CLANG_ENABLE_OBJC_ARC = YES;
				CLANG_ENABLE_OBJC_WEAK = YES;
				CLANG_WARN_BLOCK_CAPTURE_AUTORELEASING = YES;
				CLANG_WARN_BOOL_CONVERSION = YES;
				CLANG_WARN_COMMA = YES;
				CLANG_WARN_CONSTANT_CONVERSION = YES;
				CLANG_WARN_DEPRECATED_OBJC_IMPLEMENTATIONS = YES;
				CLANG_WARN_DIRECT_OBJC_ISA_USAGE = YES_ERROR;
				CLANG_WARN_DOCUMENTATION_COMMENTS = YES;
				CLANG_WARN_EMPTY_BODY = YES;
				CLANG_WARN_ENUM_CONVERSION = YES;
				CLANG_WARN_INFINITE_RECURSION = YES;
				CLANG_WARN_INT_CONVERSION = YES;
				CLANG_WARN_NON_LITERAL_NULL_CONVERSION = YES;
				CLANG_WARN_OBJC_IMPLICIT_RETAIN_SELF = YES;
				CLANG_WARN_OBJC_LITERAL_CONVERSION = YES;
				CLANG_WARN_OBJC_ROOT_CLASS = YES_ERROR;
				CLANG_WARN_QUOTED_INCLUDE_IN_FRAMEWORK_HEADER = YES;
				CLANG_WARN_RANGE_LOOP_ANALYSIS = YES;
				CLANG_WARN_STRICT_PROTOTYPES = YES;
				CLANG_WARN_SUSPICIOUS_MOVE = YES;
				CLANG_WARN_UNGUARDED_AVAILABILITY = YES_AGGRESSIVE;
				CLANG_WARN_UNREACHABLE_CODE = YES;
				CLANG_WARN__DUPLICATE_METHOD_MATCH = YES;
				COPY_PHASE_STRIP = NO;
				DEBUG_INFORMATION_FORMAT = "dwarf-with-dsym";
				ENABLE_NS_ASSERTIONS = NO;
				ENABLE_STRICT_OBJC_MSGSEND = YES;
				GCC_C_LANGUAGE_STANDARD = gnu11;
				GCC_NO_COMMON_BLOCKS = YES;
				GCC_WARN_64_TO_32_BIT_CONVERSION = YES;
				GCC_WARN_ABOUT_RETURN_TYPE = YES_ERROR;
				GCC_WARN_UNDECLARED_SELECTOR = YES;
				GCC_WARN_UNINITIALIZED_AUTOS = YES_AGGRESSIVE;
				GCC_WARN_UNUSED_FUNCTION = YES;
				GCC_WARN_UNUSED_VARIABLE = YES;
				IPHONEOS_DEPLOYMENT_TARGET = 12.1;
				MTL_ENABLE_DEBUG_INFO = NO;
				MTL_FAST_MATH = YES;
				SDKROOT = iphoneos;
				SWIFT_COMPILATION_MODE = wholemodule;
				SWIFT_OPTIMIZATION_LEVEL = "-O";
				VALIDATE_PRODUCT = YES;
			};
			name = Release;
		};
		7322DEDC26311C4D00149F3A /* Debug */ = {
			isa = XCBuildConfiguration;
			baseConfigurationReference = 4E659AAF158188AE34DAAA34 /* Pods-FullMovies.debug.xcconfig */;
			buildSettings = {
				ASSETCATALOG_COMPILER_APPICON_NAME = AppIcon;
				ASSETCATALOG_COMPILER_GLOBAL_ACCENT_COLOR_NAME = AccentColor;
				CODE_SIGN_STYLE = Automatic;
				INFOPLIST_FILE = FullMovies/Resources/Info.plist;
				IPHONEOS_DEPLOYMENT_TARGET = 12.1;
				LD_RUNPATH_SEARCH_PATHS = (
					"$(inherited)",
					"@executable_path/Frameworks",
				);
				PRODUCT_BUNDLE_IDENTIFIER = Concrete.FullMovies;
				PRODUCT_NAME = "$(TARGET_NAME)";
				SWIFT_VERSION = 5.0;
				TARGETED_DEVICE_FAMILY = 1;
			};
			name = Debug;
		};
		7322DEDD26311C4D00149F3A /* Release */ = {
			isa = XCBuildConfiguration;
			baseConfigurationReference = 4CCDB74CD709AB28E0631898 /* Pods-FullMovies.release.xcconfig */;
			buildSettings = {
				ASSETCATALOG_COMPILER_APPICON_NAME = AppIcon;
				ASSETCATALOG_COMPILER_GLOBAL_ACCENT_COLOR_NAME = AccentColor;
				CODE_SIGN_STYLE = Automatic;
				INFOPLIST_FILE = FullMovies/Resources/Info.plist;
				IPHONEOS_DEPLOYMENT_TARGET = 12.1;
				LD_RUNPATH_SEARCH_PATHS = (
					"$(inherited)",
					"@executable_path/Frameworks",
				);
				PRODUCT_BUNDLE_IDENTIFIER = Concrete.FullMovies;
				PRODUCT_NAME = "$(TARGET_NAME)";
				SWIFT_VERSION = 5.0;
				TARGETED_DEVICE_FAMILY = 1;
			};
			name = Release;
		};
		7322DEDF26311C4D00149F3A /* Debug */ = {
			isa = XCBuildConfiguration;
			baseConfigurationReference = D917905B6B6390C1683ACD3C /* Pods-FullMoviesTests.debug.xcconfig */;
			buildSettings = {
				ALWAYS_EMBED_SWIFT_STANDARD_LIBRARIES = YES;
				BUNDLE_LOADER = "$(TEST_HOST)";
				CODE_SIGN_STYLE = Automatic;
				INFOPLIST_FILE = FullMoviesTests/Info.plist;
				IPHONEOS_DEPLOYMENT_TARGET = 14.4;
				LD_RUNPATH_SEARCH_PATHS = (
					"$(inherited)",
					"@executable_path/Frameworks",
					"@loader_path/Frameworks",
				);
				PRODUCT_BUNDLE_IDENTIFIER = Concrete.FullMoviesTests;
				PRODUCT_NAME = "$(TARGET_NAME)";
				SWIFT_VERSION = 5.0;
				TARGETED_DEVICE_FAMILY = "1,2";
				TEST_HOST = "$(BUILT_PRODUCTS_DIR)/FullMovies.app/FullMovies";
			};
			name = Debug;
		};
		7322DEE026311C4D00149F3A /* Release */ = {
			isa = XCBuildConfiguration;
			baseConfigurationReference = 623C5EE99DFEBAB1CA8B2D6D /* Pods-FullMoviesTests.release.xcconfig */;
			buildSettings = {
				ALWAYS_EMBED_SWIFT_STANDARD_LIBRARIES = YES;
				BUNDLE_LOADER = "$(TEST_HOST)";
				CODE_SIGN_STYLE = Automatic;
				INFOPLIST_FILE = FullMoviesTests/Info.plist;
				IPHONEOS_DEPLOYMENT_TARGET = 14.4;
				LD_RUNPATH_SEARCH_PATHS = (
					"$(inherited)",
					"@executable_path/Frameworks",
					"@loader_path/Frameworks",
				);
				PRODUCT_BUNDLE_IDENTIFIER = Concrete.FullMoviesTests;
				PRODUCT_NAME = "$(TARGET_NAME)";
				SWIFT_VERSION = 5.0;
				TARGETED_DEVICE_FAMILY = "1,2";
				TEST_HOST = "$(BUILT_PRODUCTS_DIR)/FullMovies.app/FullMovies";
			};
			name = Release;
		};
		7322DEE226311C4D00149F3A /* Debug */ = {
			isa = XCBuildConfiguration;
			buildSettings = {
				ALWAYS_EMBED_SWIFT_STANDARD_LIBRARIES = YES;
				CODE_SIGN_STYLE = Automatic;
				INFOPLIST_FILE = FullMoviesUITests/Info.plist;
				LD_RUNPATH_SEARCH_PATHS = (
					"$(inherited)",
					"@executable_path/Frameworks",
					"@loader_path/Frameworks",
				);
				PRODUCT_BUNDLE_IDENTIFIER = Concrete.FullMoviesUITests;
				PRODUCT_NAME = "$(TARGET_NAME)";
				SWIFT_VERSION = 5.0;
				TARGETED_DEVICE_FAMILY = "1,2";
				TEST_TARGET_NAME = FullMovies;
			};
			name = Debug;
		};
		7322DEE326311C4D00149F3A /* Release */ = {
			isa = XCBuildConfiguration;
			buildSettings = {
				ALWAYS_EMBED_SWIFT_STANDARD_LIBRARIES = YES;
				CODE_SIGN_STYLE = Automatic;
				INFOPLIST_FILE = FullMoviesUITests/Info.plist;
				LD_RUNPATH_SEARCH_PATHS = (
					"$(inherited)",
					"@executable_path/Frameworks",
					"@loader_path/Frameworks",
				);
				PRODUCT_BUNDLE_IDENTIFIER = Concrete.FullMoviesUITests;
				PRODUCT_NAME = "$(TARGET_NAME)";
				SWIFT_VERSION = 5.0;
				TARGETED_DEVICE_FAMILY = "1,2";
				TEST_TARGET_NAME = FullMovies;
			};
			name = Release;
		};
/* End XCBuildConfiguration section */

/* Begin XCConfigurationList section */
		7322DEAC26311C4A00149F3A /* Build configuration list for PBXProject "FullMovies" */ = {
			isa = XCConfigurationList;
			buildConfigurations = (
				7322DED926311C4D00149F3A /* Debug */,
				7322DEDA26311C4D00149F3A /* Release */,
			);
			defaultConfigurationIsVisible = 0;
			defaultConfigurationName = Release;
		};
		7322DEDB26311C4D00149F3A /* Build configuration list for PBXNativeTarget "FullMovies" */ = {
			isa = XCConfigurationList;
			buildConfigurations = (
				7322DEDC26311C4D00149F3A /* Debug */,
				7322DEDD26311C4D00149F3A /* Release */,
			);
			defaultConfigurationIsVisible = 0;
			defaultConfigurationName = Release;
		};
		7322DEDE26311C4D00149F3A /* Build configuration list for PBXNativeTarget "FullMoviesTests" */ = {
			isa = XCConfigurationList;
			buildConfigurations = (
				7322DEDF26311C4D00149F3A /* Debug */,
				7322DEE026311C4D00149F3A /* Release */,
			);
			defaultConfigurationIsVisible = 0;
			defaultConfigurationName = Release;
		};
		7322DEE126311C4D00149F3A /* Build configuration list for PBXNativeTarget "FullMoviesUITests" */ = {
			isa = XCConfigurationList;
			buildConfigurations = (
				7322DEE226311C4D00149F3A /* Debug */,
				7322DEE326311C4D00149F3A /* Release */,
			);
			defaultConfigurationIsVisible = 0;
			defaultConfigurationName = Release;
		};
/* End XCConfigurationList section */
	};
	rootObject = 7322DEA926311C4A00149F3A /* Project object */;
}
